
Microsoft Visual Studio Solution File, Format Version 12.00
# Visual Studio Version 16
VisualStudioVersion = 16.0.32228.343
MinimumVisualStudioVersion = 10.0.40219.1
Project("{FAE04EC0-301F-11D3-BF4B-00C04F79EFBC}") = "kotiki", "kotiki\kotiki.csproj", "{BBF0792B-7728-4902-B899-8E9725C259F5}"
EndProject
Global
	GlobalSection(SolutionConfigurationPlatforms) = preSolution
		Debug|Any CPU = Debug|Any CPU
		Release|Any CPU = Release|Any CPU
	EndGlobalSection
	GlobalSection(ProjectConfigurationPlatforms) = postSolution
		{BBF0792B-7728-4902-B899-8E9725C259F5}.Debug|Any CPU.ActiveCfg = Debug|Any CPU
		{BBF0792B-7728-4902-B899-8E9725C259F5}.Debug|Any CPU.Build.0 = Debug|Any CPU
		{BBF0792B-7728-4902-B899-8E9725C259F5}.Release|Any CPU.ActiveCfg = Release|Any CPU
		{BBF0792B-7728-4902-B899-8E9725C259F5}.Release|Any CPU.Build.0 = Release|Any CPU
	EndGlobalSection
	GlobalSection(SolutionProperties) = preSolution
		HideSolutionNode = FALSE
	EndGlobalSection
	GlobalSection(ExtensibilityGlobals) = postSolution
		SolutionGuid = {0DAB2D7D-99BE-4D20-AD6E-0612E0C1AA21}
	EndGlobalSection
EndGlobal
